// !$*UTF8*$!
{
	archiveVersion = 1;
	classes = {
	};
	objectVersion = 46;
	objects = {

/* Begin PBXBuildFile section */
		D768B9FD1B2A89D2000E3809 /* main.m in Sources */ = {isa = PBXBuildFile; fileRef = D768B9FC1B2A89D2000E3809 /* main.m */; };
		D768BA001B2A89D2000E3809 /* AppDelegate.m in Sources */ = {isa = PBXBuildFile; fileRef = D768B9FF1B2A89D2000E3809 /* AppDelegate.m */; };
		D768BA031B2A89D2000E3809 /* ViewController.m in Sources */ = {isa = PBXBuildFile; fileRef = D768BA021B2A89D2000E3809 /* ViewController.m */; };
		D768BA061B2A89D2000E3809 /* Main.storyboard in Resources */ = {isa = PBXBuildFile; fileRef = D768BA041B2A89D2000E3809 /* Main.storyboard */; };
		D768BA081B2A89D2000E3809 /* Images.xcassets in Resources */ = {isa = PBXBuildFile; fileRef = D768BA071B2A89D2000E3809 /* Images.xcassets */; };
		D768BA0B1B2A89D2000E3809 /* LaunchScreen.xib in Resources */ = {isa = PBXBuildFile; fileRef = D768BA091B2A89D2000E3809 /* LaunchScreen.xib */; };
		D768BA171B2A89D2000E3809 /* JRTableView____Tests.m in Sources */ = {isa = PBXBuildFile; fileRef = D768BA161B2A89D2000E3809 /* JRTableView____Tests.m */; };
		D768BA321B2A89EA000E3809 /* good_cake.png in Resources */ = {isa = PBXBuildFile; fileRef = D768BA211B2A89EA000E3809 /* good_cake.png */; };
		D768BA331B2A89EA000E3809 /* good_clock.png in Resources */ = {isa = PBXBuildFile; fileRef = D768BA221B2A89EA000E3809 /* good_clock.png */; };
		D768BA341B2A89EA000E3809 /* good_coca.png in Resources */ = {isa = PBXBuildFile; fileRef = D768BA231B2A89EA000E3809 /* good_coca.png */; };
		D768BA351B2A89EA000E3809 /* good_coffee.png in Resources */ = {isa = PBXBuildFile; fileRef = D768BA241B2A89EA000E3809 /* good_coffee.png */; };
		D768BA361B2A89EA000E3809 /* good_football.png in Resources */ = {isa = PBXBuildFile; fileRef = D768BA251B2A89EA000E3809 /* good_football.png */; };
		D768BA371B2A89EA000E3809 /* good_gift.png in Resources */ = {isa = PBXBuildFile; fileRef = D768BA261B2A89EA000E3809 /* good_gift.png */; };
		D768BA381B2A89EA000E3809 /* good_gold.png in Resources */ = {isa = PBXBuildFile; fileRef = D768BA271B2A89EA000E3809 /* good_gold.png */; };
		D768BA391B2A89EA000E3809 /* good_heart.png in Resources */ = {isa = PBXBuildFile; fileRef = D768BA281B2A89EA000E3809 /* good_heart.png */; };
		D768BA3A1B2A89EA000E3809 /* good_lemon.png in Resources */ = {isa = PBXBuildFile; fileRef = D768BA291B2A89EA000E3809 /* good_lemon.png */; };
		D768BA3B1B2A89EA000E3809 /* good_light.png in Resources */ = {isa = PBXBuildFile; fileRef = D768BA2A1B2A89EA000E3809 /* good_light.png */; };
		D768BA3C1B2A89EA000E3809 /* good_phone.png in Resources */ = {isa = PBXBuildFile; fileRef = D768BA2B1B2A89EA000E3809 /* good_phone.png */; };
		D768BA3D1B2A89EA000E3809 /* good_pig.png in Resources */ = {isa = PBXBuildFile; fileRef = D768BA2C1B2A89EA000E3809 /* good_pig.png */; };
		D768BA3E1B2A89EA000E3809 /* good_rice.png in Resources */ = {isa = PBXBuildFile; fileRef = D768BA2D1B2A89EA000E3809 /* good_rice.png */; };
		D768BA3F1B2A89EA000E3809 /* good_rose.png in Resources */ = {isa = PBXBuildFile; fileRef = D768BA2E1B2A89EA000E3809 /* good_rose.png */; };
		D768BA401B2A89EA000E3809 /* redup.png in Resources */ = {isa = PBXBuildFile; fileRef = D768BA2F1B2A89EA000E3809 /* redup.png */; };
		D768BA411B2A89EA000E3809 /* ShoppingGoodsList.plist in Resources */ = {isa = PBXBuildFile; fileRef = D768BA301B2A89EA000E3809 /* ShoppingGoodsList.plist */; };
		D768BA421B2A89EA000E3809 /* sun.png in Resources */ = {isa = PBXBuildFile; fileRef = D768BA311B2A89EA000E3809 /* sun.png */; };
		D768BA451B2A89F0000E3809 /* Goods.m in Sources */ = {isa = PBXBuildFile; fileRef = D768BA441B2A89F0000E3809 /* Goods.m */; };
/* End PBXBuildFile section */

/* Begin PBXContainerItemProxy section */
		D768BA111B2A89D2000E3809 /* PBXContainerItemProxy */ = {
			isa = PBXContainerItemProxy;
			containerPortal = D768B9EF1B2A89D2000E3809 /* Project object */;
			proxyType = 1;
			remoteGlobalIDString = D768B9F61B2A89D2000E3809;
			remoteInfo = "JRTableView拖动排序";
		};
/* End PBXContainerItemProxy section */

/* Begin PBXFileReference section */
		D768B9F71B2A89D2000E3809 /* JRTableView拖动排序.app */ = {isa = PBXFileReference; explicitFileType = wrapper.application; includeInIndex = 0; path = "JRTableView拖动排序.app"; sourceTree = BUILT_PRODUCTS_DIR; };
		D768B9FB1B2A89D2000E3809 /* Info.plist */ = {isa = PBXFileReference; lastKnownFileType = text.plist.xml; path = Info.plist; sourceTree = "<group>"; };
		D768B9FC1B2A89D2000E3809 /* main.m */ = {isa = PBXFileReference; lastKnownFileType = sourcecode.c.objc; path = main.m; sourceTree = "<group>"; };
		D768B9FE1B2A89D2000E3809 /* AppDelegate.h */ = {isa = PBXFileReference; lastKnownFileType = sourcecode.c.h; path = AppDelegate.h; sourceTree = "<group>"; };
		D768B9FF1B2A89D2000E3809 /* AppDelegate.m */ = {isa = PBXFileReference; lastKnownFileType = sourcecode.c.objc; path = AppDelegate.m; sourceTree = "<group>"; };
		D768BA011B2A89D2000E3809 /* ViewController.h */ = {isa = PBXFileReference; lastKnownFileType = sourcecode.c.h; path = ViewController.h; sourceTree = "<group>"; };
		D768BA021B2A89D2000E3809 /* ViewController.m */ = {isa = PBXFileReference; lastKnownFileType = sourcecode.c.objc; path = ViewController.m; sourceTree = "<group>"; };
		D768BA051B2A89D2000E3809 /* Base */ = {isa = PBXFileReference; lastKnownFileType = file.storyboard; name = Base; path = Base.lproj/Main.storyboard; sourceTree = "<group>"; };
		D768BA071B2A89D2000E3809 /* Images.xcassets */ = {isa = PBXFileReference; lastKnownFileType = folder.assetcatalog; path = Images.xcassets; sourceTree = "<group>"; };
		D768BA0A1B2A89D2000E3809 /* Base */ = {isa = PBXFileReference; lastKnownFileType = file.xib; name = Base; path = Base.lproj/LaunchScreen.xib; sourceTree = "<group>"; };
		D768BA101B2A89D2000E3809 /* JRTableView拖动排序Tests.xctest */ = {isa = PBXFileReference; explicitFileType = wrapper.cfbundle; includeInIndex = 0; path = "JRTableView拖动排序Tests.xctest"; sourceTree = BUILT_PRODUCTS_DIR; };
		D768BA151B2A89D2000E3809 /* Info.plist */ = {isa = PBXFileReference; lastKnownFileType = text.plist.xml; path = Info.plist; sourceTree = "<group>"; };
		D768BA161B2A89D2000E3809 /* JRTableView____Tests.m */ = {isa = PBXFileReference; lastKnownFileType = sourcecode.c.objc; path = "JRTableView____Tests.m"; sourceTree = "<group>"; };
		D768BA211B2A89EA000E3809 /* good_cake.png */ = {isa = PBXFileReference; lastKnownFileType = image.png; path = good_cake.png; sourceTree = "<group>"; };
		D768BA221B2A89EA000E3809 /* good_clock.png */ = {isa = PBXFileReference; lastKnownFileType = image.png; path = good_clock.png; sourceTree = "<group>"; };
		D768BA231B2A89EA000E3809 /* good_coca.png */ = {isa = PBXFileReference; lastKnownFileType = image.png; path = good_coca.png; sourceTree = "<group>"; };
		D768BA241B2A89EA000E3809 /* good_coffee.png */ = {isa = PBXFileReference; lastKnownFileType = image.png; path = good_coffee.png; sourceTree = "<group>"; };
		D768BA251B2A89EA000E3809 /* good_football.png */ = {isa = PBXFileReference; lastKnownFileType = image.png; path = good_football.png; sourceTree = "<group>"; };
		D768BA261B2A89EA000E3809 /* good_gift.png */ = {isa = PBXFileReference; lastKnownFileType = image.png; path = good_gift.png; sourceTree = "<group>"; };
		D768BA271B2A89EA000E3809 /* good_gold.png */ = {isa = PBXFileReference; lastKnownFileType = image.png; path = good_gold.png; sourceTree = "<group>"; };
		D768BA281B2A89EA000E3809 /* good_heart.png */ = {isa = PBXFileReference; lastKnownFileType = image.png; path = good_heart.png; sourceTree = "<group>"; };
		D768BA291B2A89EA000E3809 /* good_lemon.png */ = {isa = PBXFileReference; lastKnownFileType = image.png; path = good_lemon.png; sourceTree = "<group>"; };
		D768BA2A1B2A89EA000E3809 /* good_light.png */ = {isa = PBXFileReference; lastKnownFileType = image.png; path = good_light.png; sourceTree = "<group>"; };
		D768BA2B1B2A89EA000E3809 /* good_phone.png */ = {isa = PBXFileReference; lastKnownFileType = image.png; path = good_phone.png; sourceTree = "<group>"; };
		D768BA2C1B2A89EA000E3809 /* good_pig.png */ = {isa = PBXFileReference; lastKnownFileType = image.png; path = good_pig.png; sourceTree = "<group>"; };
		D768BA2D1B2A89EA000E3809 /* good_rice.png */ = {isa = PBXFileReference; lastKnownFileType = image.png; path = good_rice.png; sourceTree = "<group>"; };
		D768BA2E1B2A89EA000E3809 /* good_rose.png */ = {isa = PBXFileReference; lastKnownFileType = image.png; path = good_rose.png; sourceTree = "<group>"; };
		D768BA2F1B2A89EA000E3809 /* redup.png */ = {isa = PBXFileReference; lastKnownFileType = image.png; path = redup.png; sourceTree = "<group>"; };
		D768BA301B2A89EA000E3809 /* ShoppingGoodsList.plist */ = {isa = PBXFileReference; fileEncoding = 4; lastKnownFileType = text.plist.xml; path = ShoppingGoodsList.plist; sourceTree = "<group>"; };
		D768BA311B2A89EA000E3809 /* sun.png */ = {isa = PBXFileReference; lastKnownFileType = image.png; path = sun.png; sourceTree = "<group>"; };
		D768BA431B2A89F0000E3809 /* Goods.h */ = {isa = PBXFileReference; fileEncoding = 4; lastKnownFileType = sourcecode.c.h; path = Goods.h; sourceTree = "<group>"; };
		D768BA441B2A89F0000E3809 /* Goods.m */ = {isa = PBXFileReference; fileEncoding = 4; lastKnownFileType = sourcecode.c.objc; path = Goods.m; sourceTree = "<group>"; };
/* End PBXFileReference section */

/* Begin PBXFrameworksBuildPhase section */
		D768B9F41B2A89D2000E3809 /* Frameworks */ = {
			isa = PBXFrameworksBuildPhase;
			buildActionMask = 2147483647;
			files = (
			);
			runOnlyForDeploymentPostprocessing = 0;
		};
		D768BA0D1B2A89D2000E3809 /* Frameworks */ = {
			isa = PBXFrameworksBuildPhase;
			buildActionMask = 2147483647;
			files = (
			);
			runOnlyForDeploymentPostprocessing = 0;
		};
/* End PBXFrameworksBuildPhase section */

/* Begin PBXGroup section */
		D768B9EE1B2A89D2000E3809 = {
			isa = PBXGroup;
			children = (
				D768B9F91B2A89D2000E3809 /* JRTableView拖动排序 */,
				D768BA131B2A89D2000E3809 /* JRTableView拖动排序Tests */,
				D768B9F81B2A89D2000E3809 /* Products */,
			);
			sourceTree = "<group>";
		};
		D768B9F81B2A89D2000E3809 /* Products */ = {
			isa = PBXGroup;
			children = (
				D768B9F71B2A89D2000E3809 /* JRTableView拖动排序.app */,
				D768BA101B2A89D2000E3809 /* JRTableView拖动排序Tests.xctest */,
			);
			name = Products;
			sourceTree = "<group>";
		};
		D768B9F91B2A89D2000E3809 /* JRTableView拖动排序 */ = {
			isa = PBXGroup;
			children = (
				D768B9FE1B2A89D2000E3809 /* AppDelegate.h */,
				D768B9FF1B2A89D2000E3809 /* AppDelegate.m */,
				D768BA011B2A89D2000E3809 /* ViewController.h */,
				D768BA021B2A89D2000E3809 /* ViewController.m */,
				D768BA431B2A89F0000E3809 /* Goods.h */,
				D768BA441B2A89F0000E3809 /* Goods.m */,
				D768BA041B2A89D2000E3809 /* Main.storyboard */,
				D768BA071B2A89D2000E3809 /* Images.xcassets */,
				D768BA091B2A89D2000E3809 /* LaunchScreen.xib */,
				D768B9FA1B2A89D2000E3809 /* Supporting Files */,
			);
			path = "JRTableView拖动排序";
			sourceTree = "<group>";
		};
		D768B9FA1B2A89D2000E3809 /* Supporting Files */ = {
			isa = PBXGroup;
			children = (
				D768BA201B2A89EA000E3809 /* goodsImg */,
				D768B9FB1B2A89D2000E3809 /* Info.plist */,
				D768B9FC1B2A89D2000E3809 /* main.m */,
			);
			name = "Supporting Files";
			sourceTree = "<group>";
		};
		D768BA131B2A89D2000E3809 /* JRTableView拖动排序Tests */ = {
			isa = PBXGroup;
			children = (
				D768BA161B2A89D2000E3809 /* JRTableView____Tests.m */,
				D768BA141B2A89D2000E3809 /* Supporting Files */,
			);
			path = "JRTableView拖动排序Tests";
			sourceTree = "<group>";
		};
		D768BA141B2A89D2000E3809 /* Supporting Files */ = {
			isa = PBXGroup;
			children = (
				D768BA151B2A89D2000E3809 /* Info.plist */,
			);
			name = "Supporting Files";
			sourceTree = "<group>";
		};
		D768BA201B2A89EA000E3809 /* goodsImg */ = {
			isa = PBXGroup;
			children = (
				D768BA211B2A89EA000E3809 /* good_cake.png */,
				D768BA221B2A89EA000E3809 /* good_clock.png */,
				D768BA231B2A89EA000E3809 /* good_coca.png */,
				D768BA241B2A89EA000E3809 /* good_coffee.png */,
				D768BA251B2A89EA000E3809 /* good_football.png */,
				D768BA261B2A89EA000E3809 /* good_gift.png */,
				D768BA271B2A89EA000E3809 /* good_gold.png */,
				D768BA281B2A89EA000E3809 /* good_heart.png */,
				D768BA291B2A89EA000E3809 /* good_lemon.png */,
				D768BA2A1B2A89EA000E3809 /* good_light.png */,
				D768BA2B1B2A89EA000E3809 /* good_phone.png */,
				D768BA2C1B2A89EA000E3809 /* good_pig.png */,
				D768BA2D1B2A89EA000E3809 /* good_rice.png */,
				D768BA2E1B2A89EA000E3809 /* good_rose.png */,
				D768BA2F1B2A89EA000E3809 /* redup.png */,
				D768BA301B2A89EA000E3809 /* ShoppingGoodsList.plist */,
				D768BA311B2A89EA000E3809 /* sun.png */,
			);
			path = goodsImg;
			sourceTree = "<group>";
		};
/* End PBXGroup section */

/* Begin PBXNativeTarget section */
		D768B9F61B2A89D2000E3809 /* JRTableView拖动排序 */ = {
			isa = PBXNativeTarget;
			buildConfigurationList = D768BA1A1B2A89D2000E3809 /* Build configuration list for PBXNativeTarget "JRTableView拖动排序" */;
			buildPhases = (
				D768B9F31B2A89D2000E3809 /* Sources */,
				D768B9F41B2A89D2000E3809 /* Frameworks */,
				D768B9F51B2A89D2000E3809 /* Resources */,
			);
			buildRules = (
			);
			dependencies = (
			);
			name = "JRTableView拖动排序";
			productName = "JRTableView拖动排序";
			productReference = D768B9F71B2A89D2000E3809 /* JRTableView拖动排序.app */;
			productType = "com.apple.product-type.application";
		};
		D768BA0F1B2A89D2000E3809 /* JRTableView拖动排序Tests */ = {
			isa = PBXNativeTarget;
			buildConfigurationList = D768BA1D1B2A89D2000E3809 /* Build configuration list for PBXNativeTarget "JRTableView拖动排序Tests" */;
			buildPhases = (
				D768BA0C1B2A89D2000E3809 /* Sources */,
				D768BA0D1B2A89D2000E3809 /* Frameworks */,
				D768BA0E1B2A89D2000E3809 /* Resources */,
			);
			buildRules = (
			);
			dependencies = (
				D768BA121B2A89D2000E3809 /* PBXTargetDependency */,
			);
			name = "JRTableView拖动排序Tests";
			productName = "JRTableView拖动排序Tests";
			productReference = D768BA101B2A89D2000E3809 /* JRTableView拖动排序Tests.xctest */;
			productType = "com.apple.product-type.bundle.unit-test";
		};
/* End PBXNativeTarget section */

/* Begin PBXProject section */
		D768B9EF1B2A89D2000E3809 /* Project object */ = {
			isa = PBXProject;
			attributes = {
				LastUpgradeCheck = 0610;
				ORGANIZATIONNAME = jerehedu;
				TargetAttributes = {
					D768B9F61B2A89D2000E3809 = {
						CreatedOnToolsVersion = 6.1;
						DevelopmentTeam = VG58FH7GRX;
					};
					D768BA0F1B2A89D2000E3809 = {
						CreatedOnToolsVersion = 6.1;
						TestTargetID = D768B9F61B2A89D2000E3809;
					};
				};
			};
			buildConfigurationList = D768B9F21B2A89D2000E3809 /* Build configuration list for PBXProject "JRTableView拖动排序" */;
			compatibilityVersion = "Xcode 3.2";
			developmentRegion = English;
			hasScannedForEncodings = 0;
			knownRegions = (
				en,
				Base,
			);
			mainGroup = D768B9EE1B2A89D2000E3809;
			productRefGroup = D768B9F81B2A89D2000E3809 /* Products */;
			projectDirPath = "";
			projectRoot = "";
			targets = (
				D768B9F61B2A89D2000E3809 /* JRTableView拖动排序 */,
				D768BA0F1B2A89D2000E3809 /* JRTableView拖动排序Tests */,
			);
		};
/* End PBXProject section */

/* Begin PBXResourcesBuildPhase section */
		D768B9F51B2A89D2000E3809 /* Resources */ = {
			isa = PBXResourcesBuildPhase;
			buildActionMask = 2147483647;
			files = (
				D768BA371B2A89EA000E3809 /* good_gift.png in Resources */,
				D768BA411B2A89EA000E3809 /* ShoppingGoodsList.plist in Resources */,
				D768BA3D1B2A89EA000E3809 /* good_pig.png in Resources */,
				D768BA3B1B2A89EA000E3809 /* good_light.png in Resources */,
				D768BA391B2A89EA000E3809 /* good_heart.png in Resources */,
				D768BA321B2A89EA000E3809 /* good_cake.png in Resources */,
				D768BA3F1B2A89EA000E3809 /* good_rose.png in Resources */,
				D768BA061B2A89D2000E3809 /* Main.storyboard in Resources */,
				D768BA351B2A89EA000E3809 /* good_coffee.png in Resources */,
				D768BA341B2A89EA000E3809 /* good_coca.png in Resources */,
				D768BA0B1B2A89D2000E3809 /* LaunchScreen.xib in Resources */,
				D768BA401B2A89EA000E3809 /* redup.png in Resources */,
				D768BA421B2A89EA000E3809 /* sun.png in Resources */,
				D768BA381B2A89EA000E3809 /* good_gold.png in Resources */,
				D768BA3A1B2A89EA000E3809 /* good_lemon.png in Resources */,
				D768BA3E1B2A89EA000E3809 /* good_rice.png in Resources */,
				D768BA081B2A89D2000E3809 /* Images.xcassets in Resources */,
				D768BA331B2A89EA000E3809 /* good_clock.png in Resources */,
				D768BA361B2A89EA000E3809 /* good_football.png in Resources */,
				D768BA3C1B2A89EA000E3809 /* good_phone.png in Resources */,
			);
			runOnlyForDeploymentPostprocessing = 0;
		};
		D768BA0E1B2A89D2000E3809 /* Resources */ = {
			isa = PBXResourcesBuildPhase;
			buildActionMask = 2147483647;
			files = (
			);
			runOnlyForDeploymentPostprocessing = 0;
		};
/* End PBXResourcesBuildPhase section */

/* Begin PBXSourcesBuildPhase section */
		D768B9F31B2A89D2000E3809 /* Sources */ = {
			isa = PBXSourcesBuildPhase;
			buildActionMask = 2147483647;
			files = (
				D768BA031B2A89D2000E3809 /* ViewController.m in Sources */,
				D768BA001B2A89D2000E3809 /* AppDelegate.m in Sources */,
				D768BA451B2A89F0000E3809 /* Goods.m in Sources */,
				D768B9FD1B2A89D2000E3809 /* main.m in Sources */,
			);
			runOnlyForDeploymentPostprocessing = 0;
		};
		D768BA0C1B2A89D2000E3809 /* Sources */ = {
			isa = PBXSourcesBuildPhase;
			buildActionMask = 2147483647;
			files = (
				D768BA171B2A89D2000E3809 /* JRTableView____Tests.m in Sources */,
			);
			runOnlyForDeploymentPostprocessing = 0;
		};
/* End PBXSourcesBuildPhase section */

/* Begin PBXTargetDependency section */
		D768BA121B2A89D2000E3809 /* PBXTargetDependency */ = {
			isa = PBXTargetDependency;
			target = D768B9F61B2A89D2000E3809 /* JRTableView拖动排序 */;
			targetProxy = D768BA111B2A89D2000E3809 /* PBXContainerItemProxy */;
		};
/* End PBXTargetDependency section */

/* Begin PBXVariantGroup section */
		D768BA041B2A89D2000E3809 /* Main.storyboard */ = {
			isa = PBXVariantGroup;
			children = (
				D768BA051B2A89D2000E3809 /* Base */,
			);
			name = Main.storyboard;
			sourceTree = "<group>";
		};
		D768BA091B2A89D2000E3809 /* LaunchScreen.xib */ = {
			isa = PBXVariantGroup;
			children = (
				D768BA0A1B2A89D2000E3809 /* Base */,
			);
			name = LaunchScreen.xib;
			sourceTree = "<group>";
		};
/* End PBXVariantGroup section */

/* Begin XCBuildConfiguration section */
		D768BA181B2A89D2000E3809 /* Debug */ = {
			isa = XCBuildConfiguration;
			buildSettings = {
				ALWAYS_SEARCH_USER_PATHS = NO;
				CLANG_CXX_LANGUAGE_STANDARD = "gnu++0x";
				CLANG_CXX_LIBRARY = "libc++";
				CLANG_ENABLE_MODULES = YES;
				CLANG_ENABLE_OBJC_ARC = YES;
				CLANG_WARN_BOOL_CONVERSION = YES;
				CLANG_WARN_CONSTANT_CONVERSION = YES;
				CLANG_WARN_DIRECT_OBJC_ISA_USAGE = YES_ERROR;
				CLANG_WARN_EMPTY_BODY = YES;
				CLANG_WARN_ENUM_CONVERSION = YES;
				CLANG_WARN_INT_CONVERSION = YES;
				CLANG_WARN_OBJC_ROOT_CLASS = YES_ERROR;
				CLANG_WARN_UNREACHABLE_CODE = YES;
				CLANG_WARN__DUPLICATE_METHOD_MATCH = YES;
				"CODE_SIGN_IDENTITY[sdk=iphoneos*]" = "iPhone Developer";
				COPY_PHASE_STRIP = NO;
				ENABLE_STRICT_OBJC_MSGSEND = YES;
				GCC_C_LANGUAGE_STANDARD = gnu99;
				GCC_DYNAMIC_NO_PIC = NO;
				GCC_OPTIMIZATION_LEVEL = 0;
				GCC_PREPROCESSOR_DEFINITIONS = (
					"DEBUG=1",
					"$(inherited)",
				);
				GCC_SYMBOLS_PRIVATE_EXTERN = NO;
				GCC_WARN_64_TO_32_BIT_CONVERSION = YES;
				GCC_WARN_ABOUT_RETURN_TYPE = YES_ERROR;
				GCC_WARN_UNDECLARED_SELECTOR = YES;
				GCC_WARN_UNINITIALIZED_AUTOS = YES_AGGRESSIVE;
				GCC_WARN_UNUSED_FUNCTION = YES;
				GCC_WARN_UNUSED_VARIABLE = YES;
				IPHONEOS_DEPLOYMENT_TARGET = 8.1;
				MTL_ENABLE_DEBUG_INFO = YES;
				ONLY_ACTIVE_ARCH = YES;
				SDKROOT = iphoneos;
			};
			name = Debug;
		};
		D768BA191B2A89D2000E3809 /* Release */ = {
			isa = XCBuildConfiguration;
			buildSettings = {
				ALWAYS_SEARCH_USER_PATHS = NO;
				CLANG_CXX_LANGUAGE_STANDARD = "gnu++0x";
				CLANG_CXX_LIBRARY = "libc++";
				CLANG_ENABLE_MODULES = YES;
				CLANG_ENABLE_OBJC_ARC = YES;
				CLANG_WARN_BOOL_CONVERSION = YES;
				CLANG_WARN_CONSTANT_CONVERSION = YES;
				CLANG_WARN_DIRECT_OBJC_ISA_USAGE = YES_ERROR;
				CLANG_WARN_EMPTY_BODY = YES;
				CLANG_WARN_ENUM_CONVERSION = YES;
				CLANG_WARN_INT_CONVERSION = YES;
				CLANG_WARN_OBJC_ROOT_CLASS = YES_ERROR;
				CLANG_WARN_UNREACHABLE_CODE = YES;
				CLANG_WARN__DUPLICATE_METHOD_MATCH = YES;
				"CODE_SIGN_IDENTITY[sdk=iphoneos*]" = "iPhone Developer";
				COPY_PHASE_STRIP = YES;
				ENABLE_NS_ASSERTIONS = NO;
				ENABLE_STRICT_OBJC_MSGSEND = YES;
				GCC_C_LANGUAGE_STANDARD = gnu99;
				GCC_WARN_64_TO_32_BIT_CONVERSION = YES;
				GCC_WARN_ABOUT_RETURN_TYPE = YES_ERROR;
				GCC_WARN_UNDECLARED_SELECTOR = YES;
				GCC_WARN_UNINITIALIZED_AUTOS = YES_AGGRESSIVE;
				GCC_WARN_UNUSED_FUNCTION = YES;
				GCC_WARN_UNUSED_VARIABLE = YES;
				IPHONEOS_DEPLOYMENT_TARGET = 8.1;
				MTL_ENABLE_DEBUG_INFO = NO;
				SDKROOT = iphoneos;
				VALIDATE_PRODUCT = YES;
			};
			name = Release;
		};
		D768BA1B1B2A89D2000E3809 /* Debug */ = {
			isa = XCBuildConfiguration;
			buildSettings = {
				ASSETCATALOG_COMPILER_APPICON_NAME = AppIcon;
				DEVELOPMENT_TEAM = VG58FH7GRX;
				INFOPLIST_FILE = "JRTableView拖动排序/Info.plist";
				LD_RUNPATH_SEARCH_PATHS = "$(inherited) @executable_path/Frameworks";
				PRODUCT_NAME = "$(TARGET_NAME)";
			};
			name = Debug;
		};
		D768BA1C1B2A89D2000E3809 /* Release */ = {
			isa = XCBuildConfiguration;
			buildSettings = {
				ASSETCATALOG_COMPILER_APPICON_NAME = AppIcon;
				DEVELOPMENT_TEAM = VG58FH7GRX;
				INFOPLIST_FILE = "JRTableView拖动排序/Info.plist";
				LD_RUNPATH_SEARCH_PATHS = "$(inherited) @executable_path/Frameworks";
				PRODUCT_NAME = "$(TARGET_NAME)";
			};
			name = Release;
		};
		D768BA1E1B2A89D2000E3809 /* Debug */ = {
			isa = XCBuildConfiguration;
			buildSettings = {
				BUNDLE_LOADER = "$(TEST_HOST)";
				FRAMEWORK_SEARCH_PATHS = (
					"$(SDKROOT)/Developer/Library/Frameworks",
					"$(inherited)",
				);
				GCC_PREPROCESSOR_DEFINITIONS = (
					"DEBUG=1",
					"$(inherited)",
				);
				INFOPLIST_FILE = "JRTableView拖动排序Tests/Info.plist";
				LD_RUNPATH_SEARCH_PATHS = "$(inherited) @executable_path/Frameworks @loader_path/Frameworks";
				PRODUCT_NAME = "$(TARGET_NAME)";
				TEST_HOST = "$(BUILT_PRODUCTS_DIR)/JRTableView拖动排序.app/JRTableView拖动排序";
			};
			name = Debug;
		};
		D768BA1F1B2A89D2000E3809 /* Release */ = {
			isa = XCBuildConfiguration;
			buildSettings = {
				BUNDLE_LOADER = "$(TEST_HOST)";
				FRAMEWORK_SEARCH_PATHS = (
					"$(SDKROOT)/Developer/Library/Frameworks",
					"$(inherited)",
				);
				INFOPLIST_FILE = "JRTableView拖动排序Tests/Info.plist";
				LD_RUNPATH_SEARCH_PATHS = "$(inherited) @executable_path/Frameworks @loader_path/Frameworks";
				PRODUCT_NAME = "$(TARGET_NAME)";
				TEST_HOST = "$(BUILT_PRODUCTS_DIR)/JRTableView拖动排序.app/JRTableView拖动排序";
			};
			name = Release;
		};
/* End XCBuildConfiguration section */

/* Begin XCConfigurationList section */
		D768B9F21B2A89D2000E3809 /* Build configuration list for PBXProject "JRTableView拖动排序" */ = {
			isa = XCConfigurationList;
			buildConfigurations = (
				D768BA181B2A89D2000E3809 /* Debug */,
				D768BA191B2A89D2000E3809 /* Release */,
			);
			defaultConfigurationIsVisible = 0;
			defaultConfigurationName = Release;
		};
		D768BA1A1B2A89D2000E3809 /* Build configuration list for PBXNativeTarget "JRTableView拖动排序" */ = {
			isa = XCConfigurationList;
			buildConfigurations = (
				D768BA1B1B2A89D2000E3809 /* Debug */,
				D768BA1C1B2A89D2000E3809 /* Release */,
			);
			defaultConfigurationIsVisible = 0;
			defaultConfigurationName = Release;
		};
		D768BA1D1B2A89D2000E3809 /* Build configuration list for PBXNativeTarget "JRTableView拖动排序Tests" */ = {
			isa = XCConfigurationList;
			buildConfigurations = (
				D768BA1E1B2A89D2000E3809 /* Debug */,
				D768BA1F1B2A89D2000E3809 /* Release */,
			);
			defaultConfigurationIsVisible = 0;
			defaultConfigurationName = Release;
		};
/* End XCConfigurationList section */
	};
	rootObject = D768B9EF1B2A89D2000E3809 /* Project object */;
}
